<?xml version="1.0" encoding="utf-8"?>
<Project ToolsVersion="4.0" xmlns="http://schemas.microsoft.com/developer/msbuild/2003">
  <ItemGroup>
    <ClCompile Include="Core.cpp" />
    <ClCompile Include="PlayScene.cpp">
      <Filter>Contents\Scene</Filter>
    </ClCompile>
    <ClCompile Include="MainScene.cpp">
      <Filter>Contents\Scene</Filter>
    </ClCompile>
    <ClCompile Include="MenuScene.cpp">
      <Filter>Contents\Scene</Filter>
    </ClCompile>
    <ClCompile Include="QuestScene.cpp">
      <Filter>Contents\Scene</Filter>
    </ClCompile>
    <ClCompile Include="MoveState.cpp">
      <Filter>Contents\Script\StateMachine\Player</Filter>
    </ClCompile>
    <ClCompile Include="PlayerStateMachine.cpp">
      <Filter>Contents\Script\StateMachine\Player</Filter>
    </ClCompile>
    <ClCompile Include="IdleState.cpp">
      <Filter>Contents\Script\StateMachine\Player</Filter>
    </ClCompile>
    <ClCompile Include="StateMachine.cpp">
      <Filter>Contents\Script\StateMachine</Filter>
    </ClCompile>
    <ClCompile Include="AttackState.cpp">
      <Filter>Contents\Script\StateMachine\Player</Filter>
    </ClCompile>
    <ClCompile Include="QuestMapScene.cpp">
      <Filter>Contents\Scene</Filter>
    </ClCompile>
    <ClCompile Include="StartState.cpp">
      <Filter>Contents\Script\StateMachine\Player</Filter>
    </ClCompile>
    <ClCompile Include="DebugScene.cpp">
      <Filter>Contents\Scene</Filter>
    </ClCompile>
    <ClCompile Include="DebugState.cpp">
      <Filter>Contents\Script\StateMachine\Player</Filter>
    </ClCompile>
    <ClCompile Include="MonsterIdleState.cpp">
      <Filter>Contents\Script\StateMachine\Monster</Filter>
    </ClCompile>
    <ClCompile Include="MonsterStartState.cpp">
      <Filter>Contents\Script\StateMachine\Monster</Filter>
    </ClCompile>
    <ClCompile Include="MonsterStateMachine.cpp">
      <Filter>Contents\Script\StateMachine\Monster</Filter>
    </ClCompile>
    <ClCompile Include="BattleManager.cpp">
      <Filter>Contents\Script\Combat</Filter>
    </ClCompile>
    <ClCompile Include="CameraScript.cpp">
      <Filter>Contents\Script\Misc</Filter>
    </ClCompile>
    <ClCompile Include="GridScript.cpp">
      <Filter>Contents\Script\Misc</Filter>
    </ClCompile>
    <ClCompile Include="PlayerScript.cpp">
      <Filter>Contents\Script\Misc</Filter>
    </ClCompile>
    <ClCompile Include="Health.cpp">
      <Filter>Contents\Script\Combat</Filter>
    </ClCompile>
    <ClCompile Include="MonsterAttackedState.cpp">
      <Filter>Contents\Script\StateMachine\Monster</Filter>
    </ClCompile>
    <ClCompile Include="MonsterAttackState.cpp">
      <Filter>Contents\Script\StateMachine\Monster</Filter>
    </ClCompile>
    <ClCompile Include="StandByState.cpp">
      <Filter>Contents\Script\StateMachine\Player</Filter>
    </ClCompile>
    <ClCompile Include="NextState.cpp">
      <Filter>Contents\Script\StateMachine\Player</Filter>
    </ClCompile>
    <ClCompile Include="Fader.cpp">
      <Filter>Contents\Script\Effect</Filter>
    </ClCompile>
    <ClCompile Include="StageManager.cpp">
      <Filter>Contents\Script\Combat</Filter>
    </ClCompile>
    <ClCompile Include="TransContainer.cpp">
      <Filter>Contents\Script\Combat</Filter>
    </ClCompile>
    <ClCompile Include="MonsterContainer.cpp">
      <Filter>Contents\Script\Combat</Filter>
    </ClCompile>
    <ClCompile Include="HpValController.cpp">
      <Filter>Contents\Script\Combat\UI</Filter>
    </ClCompile>
    <ClCompile Include="ColorChanger.cpp">
      <Filter>Contents\Script\Effect</Filter>
    </ClCompile>
    <ClCompile Include="MonsterDieState.cpp">
      <Filter>Contents\Script\StateMachine\Monster</Filter>
    </ClCompile>
    <ClCompile Include="DieEffect.cpp">
      <Filter>Contents\Script\Effect</Filter>
    </ClCompile>
    <ClCompile Include="HpParentEffect.cpp">
      <Filter>Contents\Script\Effect</Filter>
    </ClCompile>
    <ClCompile Include="MonsterBattleManager.cpp">
      <Filter>Contents\Script\Combat\Monster</Filter>
    </ClCompile>
    <ClCompile Include="MonsterStandByState.cpp">
      <Filter>Contents\Script\StateMachine\Monster</Filter>
    </ClCompile>
    <ClCompile Include="BattleScene2.cpp">
      <Filter>Contents\Scene</Filter>
    </ClCompile>
    <ClCompile Include="PortraitHandler.cpp">
      <Filter>Contents\Script\UI</Filter>
    </ClCompile>
    <ClCompile Include="PlayerController.cpp">
      <Filter>Contents\Script\Combat\Player</Filter>
    </ClCompile>
    <ClCompile Include="MonsterController.cpp">
      <Filter>Contents\Script\Combat\Monster</Filter>
    </ClCompile>
    <ClCompile Include="SkillState.cpp">
      <Filter>Contents\Script\StateMachine\Player</Filter>
    </ClCompile>
    <ClCompile Include="MainUIHandler.cpp">
      <Filter>Contents\Script\UI\MainScene</Filter>
    </ClCompile>
    <ClCompile Include="SimpleFadeHandler.cpp">
      <Filter>Contents\Script\Effect</Filter>
    </ClCompile>
  </ItemGroup>
  <ItemGroup>
    <ClInclude Include="framework.h" />
    <ClInclude Include="LoadScenes.h">
      <Filter>Contents\Load</Filter>
    </ClInclude>
    <ClInclude Include="PlayScene.h">
      <Filter>Contents\Scene</Filter>
    </ClInclude>
    <ClInclude Include="MainScene.h">
      <Filter>Contents\Scene</Filter>
    </ClInclude>
    <ClInclude Include="MenuScene.h">
      <Filter>Contents\Scene</Filter>
    </ClInclude>
    <ClInclude Include="QuestScene.h">
      <Filter>Contents\Scene</Filter>
    </ClInclude>
    <ClInclude Include="MoveState.h">
      <Filter>Contents\Script\StateMachine\Player</Filter>
    </ClInclude>
    <ClInclude Include="PlayerStateMachine.h">
      <Filter>Contents\Script\StateMachine\Player</Filter>
    </ClInclude>
    <ClInclude Include="IdleState.h">
      <Filter>Contents\Script\StateMachine\Player</Filter>
    </ClInclude>
    <ClInclude Include="StateMachine.h">
      <Filter>Contents\Script\StateMachine</Filter>
    </ClInclude>
    <ClInclude Include="State.h">
      <Filter>Contents\Script\StateMachine</Filter>
    </ClInclude>
    <ClInclude Include="AttackState.h">
      <Filter>Contents\Script\StateMachine\Player</Filter>
    </ClInclude>
    <ClInclude Include="QuestMapScene.h">
      <Filter>Contents\Scene</Filter>
    </ClInclude>
    <ClInclude Include="StartState.h">
      <Filter>Contents\Script\StateMachine\Player</Filter>
    </ClInclude>
    <ClInclude Include="DebugScene.h">
      <Filter>Contents\Scene</Filter>
    </ClInclude>
    <ClInclude Include="DebugState.h">
      <Filter>Contents\Script\StateMachine\Player</Filter>
    </ClInclude>
    <ClInclude Include="MonsterIdleState.h">
      <Filter>Contents\Script\StateMachine\Monster</Filter>
    </ClInclude>
    <ClInclude Include="MonsterStartState.h">
      <Filter>Contents\Script\StateMachine\Monster</Filter>
    </ClInclude>
    <ClInclude Include="MonsterStateMachine.h">
      <Filter>Contents\Script\StateMachine\Monster</Filter>
    </ClInclude>
    <ClInclude Include="CameraScript.h">
      <Filter>Contents\Script\Misc</Filter>
    </ClInclude>
    <ClInclude Include="GridScript.h">
      <Filter>Contents\Script\Misc</Filter>
    </ClInclude>
    <ClInclude Include="PlayerScript.h">
      <Filter>Contents\Script\Misc</Filter>
    </ClInclude>
    <ClInclude Include="BattleManager.h">
      <Filter>Contents\Script\Combat</Filter>
    </ClInclude>
    <ClInclude Include="Health.h">
      <Filter>Contents\Script\Combat</Filter>
    </ClInclude>
    <ClInclude Include="MonsterAttackedState.h">
      <Filter>Contents\Script\StateMachine\Monster</Filter>
    </ClInclude>
    <ClInclude Include="MonsterAttackState.h">
      <Filter>Contents\Script\StateMachine\Monster</Filter>
    </ClInclude>
    <ClInclude Include="StandByState.h">
      <Filter>Contents\Script\StateMachine\Player</Filter>
    </ClInclude>
    <ClInclude Include="NextState.h">
      <Filter>Contents\Script\StateMachine\Player</Filter>
    </ClInclude>
    <ClInclude Include="Fader.h">
      <Filter>Contents\Script\Effect</Filter>
    </ClInclude>
    <ClInclude Include="StageManager.h">
      <Filter>Contents\Script\Combat</Filter>
    </ClInclude>
    <ClInclude Include="TransContainer.h">
      <Filter>Contents\Script\Combat</Filter>
    </ClInclude>
    <ClInclude Include="MonsterContainer.h">
      <Filter>Contents\Script\Combat</Filter>
    </ClInclude>
    <ClInclude Include="HpValController.h">
      <Filter>Contents\Script\Combat\UI</Filter>
    </ClInclude>
    <ClInclude Include="resource.h" />
    <ClInclude Include="ColorChanger.h">
      <Filter>Contents\Script\Effect</Filter>
    </ClInclude>
    <ClInclude Include="MonsterDieState.h">
      <Filter>Contents\Script\StateMachine\Monster</Filter>
    </ClInclude>
    <ClInclude Include="DieEffect.h">
      <Filter>Contents\Script\Effect</Filter>
    </ClInclude>
    <ClInclude Include="HpParentEffect.h">
      <Filter>Contents\Script\Effect</Filter>
    </ClInclude>
    <ClInclude Include="MonsterBattleManager.h">
      <Filter>Contents\Script\Combat\Monster</Filter>
    </ClInclude>
    <ClInclude Include="MonsterStandByState.h">
      <Filter>Contents\Script\StateMachine\Monster</Filter>
    </ClInclude>
    <ClInclude Include="BattleScene2.h">
      <Filter>Contents\Scene</Filter>
    </ClInclude>
    <ClInclude Include="PortraitHandler.h">
      <Filter>Contents\Script\UI</Filter>
    </ClInclude>
    <ClInclude Include="PlayerController.h">
      <Filter>Contents\Script\Combat\Player</Filter>
    </ClInclude>
    <ClInclude Include="MonsterController.h">
      <Filter>Contents\Script\Combat\Monster</Filter>
    </ClInclude>
    <ClInclude Include="SkillState.h">
      <Filter>Contents\Script\StateMachine\Player</Filter>
    </ClInclude>
    <ClInclude Include="MainUIHandler.h">
      <Filter>Contents\Script\UI\MainScene</Filter>
    </ClInclude>
    <ClInclude Include="SimpleFadeHandler.h">
      <Filter>Contents\Script\Effect</Filter>
    </ClInclude>
  </ItemGroup>
  <ItemGroup>
    <Filter Include="Contents">
      <UniqueIdentifier>{e859fb1a-7a94-4b7b-9ac7-979fd0a2c2d4}</UniqueIdentifier>
    </Filter>
    <Filter Include="Contents\Load">
      <UniqueIdentifier>{0df73bbb-3b20-4518-8bd4-b6075b1f8304}</UniqueIdentifier>
    </Filter>
    <Filter Include="Contents\Script">
      <UniqueIdentifier>{ad1804f5-5d17-49d5-bcd2-5ef2efee809a}</UniqueIdentifier>
    </Filter>
    <Filter Include="Contents\Scene">
      <UniqueIdentifier>{26df5010-d5e1-4ed3-9b8b-ad716c76e190}</UniqueIdentifier>
    </Filter>
    <Filter Include="Contents\Script\StateMachine">
      <UniqueIdentifier>{f3716907-9f5c-4c92-977e-88189d3946df}</UniqueIdentifier>
    </Filter>
    <Filter Include="Contents\Script\StateMachine\Player">
      <UniqueIdentifier>{1380f985-9c11-48e9-9837-f79af611ecfe}</UniqueIdentifier>
    </Filter>
    <Filter Include="Contents\Script\StateMachine\Monster">
      <UniqueIdentifier>{8e719f0d-887a-4812-83f6-49de00376d38}</UniqueIdentifier>
    </Filter>
    <Filter Include="Contents\Script\Combat">
      <UniqueIdentifier>{f9688809-2258-4659-afc4-dca46a519262}</UniqueIdentifier>
    </Filter>
    <Filter Include="Contents\Script\Misc">
      <UniqueIdentifier>{1c06b7ae-4a8c-4a89-8fd0-0838e420e44e}</UniqueIdentifier>
    </Filter>
    <Filter Include="Contents\Script\Effect">
      <UniqueIdentifier>{93ad9e2f-eed7-45cd-bdbe-769864f784bb}</UniqueIdentifier>
    </Filter>
    <Filter Include="Contents\Script\Combat\UI">
      <UniqueIdentifier>{8c0dae00-fdd8-4e8d-9c01-603030b700b0}</UniqueIdentifier>
    </Filter>
    <Filter Include="Contents\Script\Combat\Monster">
      <UniqueIdentifier>{10dd872c-9005-4f58-89cb-c6f33b320cce}</UniqueIdentifier>
    </Filter>
    <Filter Include="Contents\Script\UI">
      <UniqueIdentifier>{fbbeecdd-a9b8-492e-86ed-8161299ce9e9}</UniqueIdentifier>
    </Filter>
    <Filter Include="Contents\Script\Combat\Player">
      <UniqueIdentifier>{3c507998-8945-4e82-a228-549daef94ec3}</UniqueIdentifier>
    </Filter>
    <Filter Include="Contents\Script\UI\MainScene">
      <UniqueIdentifier>{7bbf41cb-9acb-4807-8748-599cb6380d82}</UniqueIdentifier>
    </Filter>
  </ItemGroup>
  <ItemGroup>
    <ResourceCompile Include="Core.rc" />
  </ItemGroup>
</Project>