<?xml version="1.0" encoding="utf-8"?>
<Project ToolsVersion="4.0" xmlns="http://schemas.microsoft.com/developer/msbuild/2003">
  <ItemGroup>
    <Filter Include="Common">
      <UniqueIdentifier>{7147ca72-e18f-4125-979c-92ed5cfd60bb}</UniqueIdentifier>
    </Filter>
    <Filter Include="Common\Math">
      <UniqueIdentifier>{b4154ee6-4b19-45be-bf95-85754f8a8631}</UniqueIdentifier>
    </Filter>
    <Filter Include="Graphics">
      <UniqueIdentifier>{ff5487e5-ecb5-45eb-9f6b-f20f0ff34cfc}</UniqueIdentifier>
    </Filter>
    <Filter Include="Common\Entity">
      <UniqueIdentifier>{4f50f731-41c8-46c3-848d-1d3100899a86}</UniqueIdentifier>
    </Filter>
    <Filter Include="Input">
      <UniqueIdentifier>{53075aad-7f72-44c4-acf8-3f637af401fb}</UniqueIdentifier>
    </Filter>
    <Filter Include="Common\Time">
      <UniqueIdentifier>{2cefdafa-df06-4179-b150-db80b977e095}</UniqueIdentifier>
    </Filter>
    <Filter Include="Resource">
      <UniqueIdentifier>{638050be-c7e2-4e39-af23-36c1739da042}</UniqueIdentifier>
    </Filter>
    <Filter Include="Resource\Resources">
      <UniqueIdentifier>{62ccc597-e793-4dc8-bb94-8bebe3a31dcf}</UniqueIdentifier>
    </Filter>
    <Filter Include="App">
      <UniqueIdentifier>{16300282-9fe6-4783-91b1-447ff751be6a}</UniqueIdentifier>
    </Filter>
    <Filter Include="GameObject">
      <UniqueIdentifier>{91178a5b-709f-4f4c-a12f-79963fcc14af}</UniqueIdentifier>
    </Filter>
    <Filter Include="GameObject\Component">
      <UniqueIdentifier>{feae2343-ecee-4d79-b4b6-3556d78a64c8}</UniqueIdentifier>
    </Filter>
    <Filter Include="GameObject\Component\Script">
      <UniqueIdentifier>{88f555a5-eef2-4c11-bdc0-0a2da38da1ff}</UniqueIdentifier>
    </Filter>
    <Filter Include="Scene">
      <UniqueIdentifier>{6a611183-6be5-4319-aab4-54065b8855c2}</UniqueIdentifier>
    </Filter>
    <Filter Include="Scene\Layer">
      <UniqueIdentifier>{1519664c-bd9b-4c9c-bb04-b5ae7aaff345}</UniqueIdentifier>
    </Filter>
    <Filter Include="Scene\Base">
      <UniqueIdentifier>{3ba76948-620b-4178-ab68-22b8d41e7f76}</UniqueIdentifier>
    </Filter>
    <Filter Include="Scene\Manager">
      <UniqueIdentifier>{998d71f4-0466-4379-a465-190a4ed14e89}</UniqueIdentifier>
    </Filter>
  </ItemGroup>
  <ItemGroup>
    <ClInclude Include="$(MSBuildThisFileDirectory)CommonInclude.h">
      <Filter>Common</Filter>
    </ClInclude>
    <ClInclude Include="$(MSBuildThisFileDirectory)Engine.h">
      <Filter>Common</Filter>
    </ClInclude>
    <ClInclude Include="$(MSBuildThisFileDirectory)Enums.h">
      <Filter>Common</Filter>
    </ClInclude>
    <ClInclude Include="$(MSBuildThisFileDirectory)MyMath.h">
      <Filter>Common\Math</Filter>
    </ClInclude>
    <ClInclude Include="$(MSBuildThisFileDirectory)Application.h">
      <Filter>App</Filter>
    </ClInclude>
    <ClInclude Include="$(MSBuildThisFileDirectory)Entity.h">
      <Filter>Common\Entity</Filter>
    </ClInclude>
    <ClInclude Include="$(MSBuildThisFileDirectory)Input.h">
      <Filter>Input</Filter>
    </ClInclude>
    <ClInclude Include="$(MSBuildThisFileDirectory)MyTime.h">
      <Filter>Common\Time</Filter>
    </ClInclude>
    <ClInclude Include="$(MSBuildThisFileDirectory)Resource.h">
      <Filter>Resource</Filter>
    </ClInclude>
    <ClInclude Include="$(MSBuildThisFileDirectory)Resources.h">
      <Filter>Resource\Resources</Filter>
    </ClInclude>
    <ClInclude Include="$(MSBuildThisFileDirectory)Graphics.h">
      <Filter>Graphics</Filter>
    </ClInclude>
    <ClInclude Include="$(MSBuildThisFileDirectory)GraphicDevice_Dx11.h">
      <Filter>Graphics</Filter>
    </ClInclude>
    <ClInclude Include="$(MSBuildThisFileDirectory)Renderer.h">
      <Filter>Graphics</Filter>
    </ClInclude>
    <ClInclude Include="$(MSBuildThisFileDirectory)Mesh.h">
      <Filter>Graphics</Filter>
    </ClInclude>
    <ClInclude Include="$(MSBuildThisFileDirectory)Shader.h">
      <Filter>Graphics</Filter>
    </ClInclude>
    <ClInclude Include="$(MSBuildThisFileDirectory)ConstantBuffer.h">
      <Filter>Graphics</Filter>
    </ClInclude>
    <ClInclude Include="$(MSBuildThisFileDirectory)GameObject.h">
      <Filter>GameObject</Filter>
    </ClInclude>
    <ClInclude Include="$(MSBuildThisFileDirectory)Component.h">
      <Filter>GameObject\Component</Filter>
    </ClInclude>
    <ClInclude Include="$(MSBuildThisFileDirectory)Script.h">
      <Filter>GameObject\Component\Script</Filter>
    </ClInclude>
    <ClInclude Include="$(MSBuildThisFileDirectory)Layer.h">
      <Filter>Scene\Layer</Filter>
    </ClInclude>
    <ClInclude Include="$(MSBuildThisFileDirectory)Scene.h">
      <Filter>Scene\Base</Filter>
    </ClInclude>
    <ClInclude Include="$(MSBuildThisFileDirectory)SceneManager.h">
      <Filter>Scene\Manager</Filter>
    </ClInclude>
    <ClInclude Include="$(MSBuildThisFileDirectory)PlayScene.h" />
    <ClInclude Include="$(MSBuildThisFileDirectory)MeshRenderer.h">
      <Filter>GameObject\Component</Filter>
    </ClInclude>
    <ClInclude Include="$(MSBuildThisFileDirectory)Transform.h">
      <Filter>GameObject\Component</Filter>
    </ClInclude>
    <ClInclude Include="$(MSBuildThisFileDirectory)Texture.h" />
    <ClInclude Include="$(MSBuildThisFileDirectory)Material.h" />
  </ItemGroup>
  <ItemGroup>
    <ClCompile Include="$(MSBuildThisFileDirectory)MyMath.cpp">
      <Filter>Common\Math</Filter>
    </ClCompile>
    <ClCompile Include="$(MSBuildThisFileDirectory)Application.cpp">
      <Filter>App</Filter>
    </ClCompile>
    <ClCompile Include="$(MSBuildThisFileDirectory)Entity.cpp">
      <Filter>Common\Entity</Filter>
    </ClCompile>
    <ClCompile Include="$(MSBuildThisFileDirectory)Input.cpp">
      <Filter>Input</Filter>
    </ClCompile>
    <ClCompile Include="$(MSBuildThisFileDirectory)MyTime.cpp">
      <Filter>Common\Time</Filter>
    </ClCompile>
    <ClCompile Include="$(MSBuildThisFileDirectory)Resource.cpp">
      <Filter>Resource</Filter>
    </ClCompile>
    <ClCompile Include="$(MSBuildThisFileDirectory)Resources.cpp">
      <Filter>Resource\Resources</Filter>
    </ClCompile>
    <ClCompile Include="$(MSBuildThisFileDirectory)GraphicDevice_Dx11.cpp">
      <Filter>Graphics</Filter>
    </ClCompile>
    <ClCompile Include="$(MSBuildThisFileDirectory)Renderer.cpp">
      <Filter>Graphics</Filter>
    </ClCompile>
    <ClCompile Include="$(MSBuildThisFileDirectory)Mesh.cpp">
      <Filter>Graphics</Filter>
    </ClCompile>
    <ClCompile Include="$(MSBuildThisFileDirectory)Shader.cpp">
      <Filter>Graphics</Filter>
    </ClCompile>
    <ClCompile Include="$(MSBuildThisFileDirectory)ConstantBuffer.cpp">
      <Filter>Graphics</Filter>
    </ClCompile>
    <ClCompile Include="$(MSBuildThisFileDirectory)GameObject.cpp">
      <Filter>GameObject</Filter>
    </ClCompile>
    <ClCompile Include="$(MSBuildThisFileDirectory)Component.cpp">
      <Filter>GameObject\Component</Filter>
    </ClCompile>
    <ClCompile Include="$(MSBuildThisFileDirectory)Script.cpp">
      <Filter>GameObject\Component\Script</Filter>
    </ClCompile>
    <ClCompile Include="$(MSBuildThisFileDirectory)Layer.cpp">
      <Filter>Scene\Layer</Filter>
    </ClCompile>
    <ClCompile Include="$(MSBuildThisFileDirectory)Scene.cpp">
      <Filter>Scene\Base</Filter>
    </ClCompile>
    <ClCompile Include="$(MSBuildThisFileDirectory)SceneManager.cpp">
      <Filter>Scene\Manager</Filter>
    </ClCompile>
    <ClCompile Include="$(MSBuildThisFileDirectory)PlayScene.cpp" />
    <ClCompile Include="$(MSBuildThisFileDirectory)MeshRenderer.cpp">
      <Filter>GameObject\Component</Filter>
    </ClCompile>
    <ClCompile Include="$(MSBuildThisFileDirectory)Transform.cpp">
      <Filter>GameObject\Component</Filter>
    </ClCompile>
    <ClCompile Include="$(MSBuildThisFileDirectory)Texture.cpp" />
    <ClCompile Include="$(MSBuildThisFileDirectory)Material.cpp" />
  </ItemGroup>
  <ItemGroup>
    <None Include="$(MSBuildThisFileDirectory)Math.inl">
      <Filter>Common\Math</Filter>
    </None>
  </ItemGroup>
</Project>